{
  "version": 4,
  "terraform_version": "1.14.6",
  "serial": 4,
  "lineage": "242326d3-6f4e-8794-1196-c68221ca5034",
  "outputs": {},
  "resources": [
    {
      "mode": "managed",
      "type": "local_file",
      "name": "second_class",
      "provider": "provider[\"registry.terraform.io/hashicorp/local\"]",
      "instances": [
        {
          "schema_version": 0,
          "attributes": {
            "content": "We love terraform!\nTerraform is a great tool for infrastructure as code!",
            "content_base64": null,
            "content_base64sha256": "GqwB7a1JfBdcgHX9DOnzvjt4MBXlUccGkti5icn/RPw=",
            "content_base64sha512": "IFQTDxaKkprEm/jqxDnPmk8K02T3uI3axN/gc6xb8izGvfn9LB1UAvXRUwbct0zPHL4Yq+GxoqdK4YePaN0Jpw==",
            "content_md5": "da5ed53a285138d19d0720eca5b4f26c",
            "content_sha1": "88c620419117237f845d19b87086a16b862b295d",
            "content_sha256": "1aac01edad497c175c8075fd0ce9f3be3b783015e551c70692d8b989c9ff44fc",
            "content_sha512": "2054130f168a929ac49bf8eac439cf9a4f0ad364f7b88ddac4dfe073ac5bf22cc6bdf9fd2c1d5402f5d15306dcb74ccf1cbe18abe1b1a2a74ae1878f68dd09a7",
            "directory_permission": "0777",
            "file_permission": "0777",
            "filename": "second_class.txt",
            "id": "88c620419117237f845d19b87086a16b862b295d",
            "sensitive_content": null,
            "source": null
          },
          "sensitive_attributes": [
            [
              {
                "type": "get_attr",
                "value": "sensitive_content"
              }
            ]
          ],
          "identity_schema_version": 0
        }
      ]
    }
  ],
  "check_results": null
}
